lockfileVersion: '9.0'

settings:
  autoInstallPeers: true
  excludeLinksFromLockfile: false

importers:

  .:
    dependencies:
      '@zooclaw-agents/sdk':
        specifier: ^0.2.0
        version: 0.2.0

packages:

  '@zooclaw-agents/sdk@0.2.0':
    resolution: {integrity: sha512-HKc6TVFv2pLk7GbGzPiww21QB12OsGpD5n/RXX1Hb1pU2pVWgWUZCJgLnHy75Mnkg8jUVpuEyMV0O+6m22HXow==}
    engines: {node: '>=20'}

snapshots:

  '@zooclaw-agents/sdk@0.2.0': {}
